
Microsoft Visual Studio Solution File, Format Version 12.00
# Visual Studio Version 17
VisualStudioVersion = 17.10.35013.160
MinimumVisualStudioVersion = 10.0.40219.1
Project("{FAE04EC0-301F-11D3-BF4B-00C04F79EFBC}") = "sistema_meteorológico", "sistema_meteorológico\sistema_meteorológico.csproj", "{6A7978C1-AE30-40E4-9242-5B828384FA31}"
EndProject
Global
	GlobalSection(SolutionConfigurationPlatforms) = preSolution
		Debug|Any CPU = Debug|Any CPU
		Release|Any CPU = Release|Any CPU
	EndGlobalSection
	GlobalSection(ProjectConfigurationPlatforms) = postSolution
		{6A7978C1-AE30-40E4-9242-5B828384FA31}.Debug|Any CPU.ActiveCfg = Debug|Any CPU
		{6A7978C1-AE30-40E4-9242-5B828384FA31}.Debug|Any CPU.Build.0 = Debug|Any CPU
		{6A7978C1-AE30-40E4-9242-5B828384FA31}.Release|Any CPU.ActiveCfg = Release|Any CPU
		{6A7978C1-AE30-40E4-9242-5B828384FA31}.Release|Any CPU.Build.0 = Release|Any CPU
	EndGlobalSection
	GlobalSection(SolutionProperties) = preSolution
		HideSolutionNode = FALSE
	EndGlobalSection
	GlobalSection(ExtensibilityGlobals) = postSolution
		SolutionGuid = {B59E10BD-BACA-4880-AE8E-870BF618CB7A}
	EndGlobalSection
EndGlobal
